
Microsoft Visual Studio Solution File, Format Version 12.00
# Visual Studio Version 17
VisualStudioVersion = 17.3.32901.215
MinimumVisualStudioVersion = 10.0.40219.1
Project("{9A19103F-16F7-4668-BE54-9A1E7A4F7556}") = "Sample101", "Sample101\Sample101.csproj", "{16AE9C35-BF54-4DB9-829E-1CCC1117B078}"
EndProject
Project("{9A19103F-16F7-4668-BE54-9A1E7A4F7556}") = "Sample102", "Sample102\Sample102.csproj", "{4D018EAF-9C7C-43E0-9A28-B73C77D49860}"
EndProject
Project("{9A19103F-16F7-4668-BE54-9A1E7A4F7556}") = "Sample103", "Sample103\Sample103.csproj", "{B521D5F1-782D-4948-8716-B2F865A7C05B}"
EndProject
Project("{9A19103F-16F7-4668-BE54-9A1E7A4F7556}") = "Exercise101", "Exercise101\Exercise101.csproj", "{DE646C58-B3FC-4761-BC66-45450A27DAAA}"
EndProject
Project("{9A19103F-16F7-4668-BE54-9A1E7A4F7556}") = "Excercise102", "Excercise102\Excercise102.csproj", "{BD4F75D4-75F3-4681-8B09-8156DD5CE5D8}"
EndProject
Project("{9A19103F-16F7-4668-BE54-9A1E7A4F7556}") = "Exercise103", "Exercise103\Exercise103.csproj", "{CEAF5C8A-5E87-4DB5-ACA5-83B195A07283}"
EndProject
Project("{9A19103F-16F7-4668-BE54-9A1E7A4F7556}") = "Sample201", "Sample201\Sample201.csproj", "{DF53672D-C04F-4531-A2E2-5C1E7945F9AC}"
EndProject
Project("{9A19103F-16F7-4668-BE54-9A1E7A4F7556}") = "Sample202", "Sample202\Sample202.csproj", "{91678D02-9341-4CCB-BE4F-E0C491B1795C}"
EndProject
Project("{9A19103F-16F7-4668-BE54-9A1E7A4F7556}") = "Sample203", "Sample203\Sample203.csproj", "{33A8F6A0-6BFB-4459-A206-23742A8FAC76}"
EndProject
Project("{9A19103F-16F7-4668-BE54-9A1E7A4F7556}") = "Sample204", "Sample204\Sample204.csproj", "{82CC4E44-5459-4CCD-A0A0-462B1D309FAD}"
EndProject
Project("{9A19103F-16F7-4668-BE54-9A1E7A4F7556}") = "Sample205", "Sample205\Sample205.csproj", "{3B59C106-D3E0-4720-83C4-7EE3B4FC9FA5}"
EndProject
Project("{9A19103F-16F7-4668-BE54-9A1E7A4F7556}") = "Sample206", "Sample206\Sample206.csproj", "{1A37F3A6-71B9-4B24-B14B-C06DAF2222EC}"
EndProject
Project("{9A19103F-16F7-4668-BE54-9A1E7A4F7556}") = "Exercise201", "Exercise201\Exercise201.csproj", "{BEAC2F42-680D-40AD-AE96-E5BB26154675}"
EndProject
Project("{9A19103F-16F7-4668-BE54-9A1E7A4F7556}") = "Exercise202", "Exercise202\Exercise202.csproj", "{20D523FA-BCB9-4EDA-A5C0-F619F21247D1}"
EndProject
Project("{9A19103F-16F7-4668-BE54-9A1E7A4F7556}") = "Exercise203", "Exercise203\Exercise203.csproj", "{A976DEF1-59FA-44D5-A0CD-A1E7232D8FD9}"
EndProject
Project("{9A19103F-16F7-4668-BE54-9A1E7A4F7556}") = "Sample301", "Sample301\Sample301.csproj", "{34379119-DC52-4A5E-A320-77A6BFB89566}"
EndProject
Project("{9A19103F-16F7-4668-BE54-9A1E7A4F7556}") = "Sample304", "Sample304\Sample304.csproj", "{476F3427-EA56-4D74-B1E1-CC63A1EB8E89}"
EndProject
Project("{9A19103F-16F7-4668-BE54-9A1E7A4F7556}") = "Sample305", "Sample305\Sample305.csproj", "{EE086942-294F-426C-A537-5CA3DF0F6B99}"
EndProject
Project("{9A19103F-16F7-4668-BE54-9A1E7A4F7556}") = "Sample306", "Sample306\Sample306.csproj", "{26A0E987-53A2-4656-B54D-74BCE383DB34}"
EndProject
Project("{9A19103F-16F7-4668-BE54-9A1E7A4F7556}") = "Exercise301", "Exercise301\Exercise301.csproj", "{DCBD858D-7014-4DA8-B61C-ABA05F6385FA}"
EndProject
Project("{9A19103F-16F7-4668-BE54-9A1E7A4F7556}") = "Exercise302", "Exercise302\Exercise302.csproj", "{94D5C420-CCC9-4D10-AF16-FB89D116C44D}"
EndProject
Project("{9A19103F-16F7-4668-BE54-9A1E7A4F7556}") = "Exercise303", "Exercise303\Exercise303.csproj", "{08100E64-0C4C-4D39-AF40-52C1C8D7AD70}"
EndProject
Project("{9A19103F-16F7-4668-BE54-9A1E7A4F7556}") = "Sample401", "Sample401\Sample401.csproj", "{8FD82342-4DA9-4AFA-9C11-2568AA8A9F21}"
EndProject
Project("{9A19103F-16F7-4668-BE54-9A1E7A4F7556}") = "Sample404", "Sample404\Sample404.csproj", "{2F89A042-3282-42BD-902C-D65352D821CF}"
EndProject
Project("{9A19103F-16F7-4668-BE54-9A1E7A4F7556}") = "Sample406", "Sample406\Sample406.csproj", "{5A098652-8A24-4302-8F6F-2F9B29B972DD}"
EndProject
Project("{9A19103F-16F7-4668-BE54-9A1E7A4F7556}") = "Exercise401", "Exercise401\Exercise401.csproj", "{739BA558-BF74-43CE-BCF3-AA025250DA2D}"
EndProject
Project("{9A19103F-16F7-4668-BE54-9A1E7A4F7556}") = "Exercise402", "Exercise402\Exercise402.csproj", "{90B795A9-49DE-4178-8B48-94A2FE81E234}"
EndProject
Project("{9A19103F-16F7-4668-BE54-9A1E7A4F7556}") = "Exercise403", "Exercise403\Exercise403.csproj", "{49C531FC-16E9-424F-B5A9-897445147B78}"
EndProject
Project("{9A19103F-16F7-4668-BE54-9A1E7A4F7556}") = "Sample501", "Sample501\Sample501.csproj", "{9261C30F-15C0-478A-A854-A396CCD9BDA3}"
EndProject
Project("{9A19103F-16F7-4668-BE54-9A1E7A4F7556}") = "Sample502", "Sample502\Sample502.csproj", "{FC6D05D1-1C33-4041-B37B-AE4EDFCB1D79}"
EndProject
Project("{9A19103F-16F7-4668-BE54-9A1E7A4F7556}") = "Sample503", "Sample503\Sample503.csproj", "{38EDA9DB-F551-4B5A-84B8-CD623C1B0E39}"
EndProject
Project("{9A19103F-16F7-4668-BE54-9A1E7A4F7556}") = "Sample504", "Sample504\Sample504.csproj", "{26CC5E37-F21E-4A8C-8DF7-3FB6F6A27E45}"
EndProject
Project("{9A19103F-16F7-4668-BE54-9A1E7A4F7556}") = "Sample505", "Sample505\Sample505.csproj", "{57F76AC3-A6F1-4936-8470-387BCCD52B32}"
EndProject
Project("{9A19103F-16F7-4668-BE54-9A1E7A4F7556}") = "Sample506", "Sample506\Sample506.csproj", "{87D5E9D2-C74E-42CC-8E2A-276E48E6CE03}"
EndProject
Project("{9A19103F-16F7-4668-BE54-9A1E7A4F7556}") = "Exercise501", "Exercise501\Exercise501.csproj", "{2F00D355-8EA5-4F2F-A912-6E62DC836729}"
EndProject
Project("{9A19103F-16F7-4668-BE54-9A1E7A4F7556}") = "Exercise502", "Exercise502\Exercise502.csproj", "{7C549B33-2249-4815-AB28-F64D0A860C65}"
EndProject
Project("{9A19103F-16F7-4668-BE54-9A1E7A4F7556}") = "Exercise503", "Exercise503\Exercise503.csproj", "{5C78FCDF-5D13-4AFC-91A0-72987D0E3BD3}"
EndProject
Project("{9A19103F-16F7-4668-BE54-9A1E7A4F7556}") = "Exercise504", "Exercise504\Exercise504.csproj", "{1D6C72BE-6A7A-43CB-9231-ED25218ABAFA}"
EndProject
Project("{9A19103F-16F7-4668-BE54-9A1E7A4F7556}") = "Sample601", "Sample601\Sample601.csproj", "{5E52C8EE-BDA7-4DC7-8294-B77D6EAD88BF}"
EndProject
Project("{9A19103F-16F7-4668-BE54-9A1E7A4F7556}") = "Sample602", "Sample602\Sample602.csproj", "{F0706AC5-278F-4917-8712-32ECE5EEEE92}"
EndProject
Project("{9A19103F-16F7-4668-BE54-9A1E7A4F7556}") = "Exercise601", "Exercise601\Exercise601.csproj", "{EB322FFF-5ECC-4FD0-92B3-FB951565570B}"
EndProject
Project("{9A19103F-16F7-4668-BE54-9A1E7A4F7556}") = "Sample701", "Sample701\Sample701.csproj", "{F0315435-2A42-4906-83C0-BDC2531DCE6C}"
EndProject
Project("{9A19103F-16F7-4668-BE54-9A1E7A4F7556}") = "Sample702", "Sample702\Sample702.csproj", "{ADB853A3-7C0B-49EF-A725-C965312D4AC2}"
EndProject
Project("{9A19103F-16F7-4668-BE54-9A1E7A4F7556}") = "Sample703", "Sample703\Sample703.csproj", "{247E5F9A-9B43-4907-85DA-ABC2D2987015}"
EndProject
Project("{9A19103F-16F7-4668-BE54-9A1E7A4F7556}") = "Exercise701", "Exercise701\Exercise701.csproj", "{398B869E-4E42-443B-839C-6E0686EF6544}"
EndProject
Project("{9A19103F-16F7-4668-BE54-9A1E7A4F7556}") = "SampleEx101", "SampleEx101\SampleEx101.csproj", "{E6E1F502-659B-45D6-914E-37AB2BA83F51}"
EndProject
Project("{9A19103F-16F7-4668-BE54-9A1E7A4F7556}") = "SampleEx102", "SampleEx102\SampleEx102.csproj", "{CD5094EF-0369-4E11-BD71-88D573D8A2BD}"
EndProject
Project("{9A19103F-16F7-4668-BE54-9A1E7A4F7556}") = "SampleEx103", "SampleEx103\SampleEx103.csproj", "{D4612FA0-4F29-4F68-97C7-B32BC0D4C606}"
EndProject
Project("{9A19103F-16F7-4668-BE54-9A1E7A4F7556}") = "ExerciseEx101", "ExerciseEx101\ExerciseEx101.csproj", "{DA380600-E65A-4F04-B9E8-0C23572D2A28}"
EndProject
Project("{9A19103F-16F7-4668-BE54-9A1E7A4F7556}") = "SampleEx201", "SampleEx201\SampleEx201.csproj", "{CFF5D700-0358-4383-9080-0684586DE83A}"
EndProject
Project("{9A19103F-16F7-4668-BE54-9A1E7A4F7556}") = "SampleEx202", "SampleEx202\SampleEx202.csproj", "{975F5F98-85E3-41C9-A7B4-51CC2A690909}"
EndProject
Project("{9A19103F-16F7-4668-BE54-9A1E7A4F7556}") = "ExerciseEx201", "ExerciseEx201\ExerciseEx201.csproj", "{74EDAA9B-7662-4FC4-8155-9A4EC8A84E92}"
EndProject
Project("{9A19103F-16F7-4668-BE54-9A1E7A4F7556}") = "ExerciseEx202", "ExerciseEx202\ExerciseEx202.csproj", "{D07C89DD-CFEE-47EE-9BF5-A9E8AE342106}"
EndProject
Project("{9A19103F-16F7-4668-BE54-9A1E7A4F7556}") = "ExerciseEx203", "ExerciseEx203\ExerciseEx203.csproj", "{97675D78-F018-41F6-AC17-FDAECF6578E5}"
EndProject
Project("{9A19103F-16F7-4668-BE54-9A1E7A4F7556}") = "SampleEx301", "SampleEx301\SampleEx301.csproj", "{C44AB510-5775-4946-9929-EB1B1306E1E7}"
EndProject
Project("{9A19103F-16F7-4668-BE54-9A1E7A4F7556}") = "SampleEx302", "SampleEx302\SampleEx302.csproj", "{9A647CCF-B96B-4B39-91C0-315D7CAC1CA9}"
EndProject
Project("{9A19103F-16F7-4668-BE54-9A1E7A4F7556}") = "SampleEx303", "SampleEx303\SampleEx303.csproj", "{F188D30D-ABAE-4FA8-AFB0-A277A9AB6B3E}"
EndProject
Project("{9A19103F-16F7-4668-BE54-9A1E7A4F7556}") = "SampleEx304", "SampleEx304\SampleEx304.csproj", "{2774489B-F3E5-42BE-8D97-DA3432BF3808}"
EndProject
Project("{9A19103F-16F7-4668-BE54-9A1E7A4F7556}") = "ExerciseEx301", "ExerciseEx301\ExerciseEx301.csproj", "{0EB9EB9B-696C-4EB1-BA6A-033692A280BC}"
EndProject
Project("{9A19103F-16F7-4668-BE54-9A1E7A4F7556}") = "SampleEx401", "SampleEx401\SampleEx401.csproj", "{73C716C6-05D9-402A-9597-A9BA8279257B}"
EndProject
Project("{9A19103F-16F7-4668-BE54-9A1E7A4F7556}") = "SampleEx402", "SampleEx402\SampleEx402.csproj", "{0275BA2B-2CC7-47ED-B94E-07A0E8E5CB71}"
EndProject
Project("{9A19103F-16F7-4668-BE54-9A1E7A4F7556}") = "SampleEx403", "SampleEx403\SampleEx403.csproj", "{B3F40162-2361-4058-B822-6C9946ED93F4}"
EndProject
Project("{9A19103F-16F7-4668-BE54-9A1E7A4F7556}") = "ExerciseEx401", "ExerciseEx401\ExerciseEx401.csproj", "{BC277F24-D4EA-453F-A76F-85BE5A5B5599}"
EndProject
Project("{9A19103F-16F7-4668-BE54-9A1E7A4F7556}") = "SampleEx501", "SampleEx501\SampleEx501.csproj", "{DA32959E-3412-4F72-A65C-A89625C737C5}"
EndProject
Project("{9A19103F-16F7-4668-BE54-9A1E7A4F7556}") = "SampleEx502", "SampleEx502\SampleEx502.csproj", "{DA14C59B-49BA-460A-9043-E82157763F29}"
EndProject
Project("{9A19103F-16F7-4668-BE54-9A1E7A4F7556}") = "ExerciseEx501", "ExerciseEx501\ExerciseEx501.csproj", "{CA1F3D2A-DD1B-4A86-83B9-ED97E116892C}"
EndProject
Project("{9A19103F-16F7-4668-BE54-9A1E7A4F7556}") = "ExerciseEx502", "ExerciseEx502\ExerciseEx502.csproj", "{2E50718D-56D8-405C-9571-079D5ABA3D78}"
EndProject
Project("{9A19103F-16F7-4668-BE54-9A1E7A4F7556}") = "SampleEx601", "SampleEx601\SampleEx601.csproj", "{0EF4D078-7CB0-40BA-A167-83F448EE8CDC}"
EndProject
Project("{9A19103F-16F7-4668-BE54-9A1E7A4F7556}") = "SampleEx602", "SampleEx602\SampleEx602.csproj", "{05008812-64CC-4E29-A21A-6F7B8ABF6B1F}"
EndProject
Project("{9A19103F-16F7-4668-BE54-9A1E7A4F7556}") = "SampleEx603", "SampleEx603\SampleEx603.csproj", "{E098CB16-B983-4587-B570-D3CA738D58ED}"
EndProject
Project("{9A19103F-16F7-4668-BE54-9A1E7A4F7556}") = "SampleEx604", "SampleEx604\SampleEx604.csproj", "{432B0F09-3142-4C78-9195-D97CD2856657}"
EndProject
Project("{9A19103F-16F7-4668-BE54-9A1E7A4F7556}") = "ExerciseEx601", "ExerciseEx601\ExerciseEx601.csproj", "{6B35D763-5ABC-4BBE-A699-F1C71E932B7E}"
EndProject
Project("{9A19103F-16F7-4668-BE54-9A1E7A4F7556}") = "ExerciseEx602", "ExerciseEx602\ExerciseEx602.csproj", "{3AC4B468-62CB-430F-B324-72692D898975}"
EndProject
Project("{9A19103F-16F7-4668-BE54-9A1E7A4F7556}") = "ExerciseEx603", "ExerciseEx603\ExerciseEx603.csproj", "{8557921A-215C-422C-AE52-48FF36DA12E5}"
EndProject
Project("{9A19103F-16F7-4668-BE54-9A1E7A4F7556}") = "SampleEx701", "SampleEx701\SampleEx701.csproj", "{1D456166-52D3-4C6C-B154-315F7E64C6FA}"
EndProject
Project("{FAE04EC0-301F-11D3-BF4B-00C04F79EFBC}") = "SampleEx702", "SampleEx702\SampleEx702.csproj", "{92CC173D-AE2E-484C-AC70-209BDB6868C2}"
EndProject
Project("{FAE04EC0-301F-11D3-BF4B-00C04F79EFBC}") = "SampleEx703", "SampleEx703\SampleEx703.csproj", "{A4D8428C-00FB-46E4-B113-CE2CE18B7AAA}"
EndProject
Global
	GlobalSection(SolutionConfigurationPlatforms) = preSolution
		Debug|Any CPU = Debug|Any CPU
		Release|Any CPU = Release|Any CPU
	EndGlobalSection
	GlobalSection(ProjectConfigurationPlatforms) = postSolution
		{16AE9C35-BF54-4DB9-829E-1CCC1117B078}.Debug|Any CPU.ActiveCfg = Debug|Any CPU
		{16AE9C35-BF54-4DB9-829E-1CCC1117B078}.Debug|Any CPU.Build.0 = Debug|Any CPU
		{16AE9C35-BF54-4DB9-829E-1CCC1117B078}.Release|Any CPU.ActiveCfg = Release|Any CPU
		{16AE9C35-BF54-4DB9-829E-1CCC1117B078}.Release|Any CPU.Build.0 = Release|Any CPU
		{4D018EAF-9C7C-43E0-9A28-B73C77D49860}.Debug|Any CPU.ActiveCfg = Debug|Any CPU
		{4D018EAF-9C7C-43E0-9A28-B73C77D49860}.Debug|Any CPU.Build.0 = Debug|Any CPU
		{4D018EAF-9C7C-43E0-9A28-B73C77D49860}.Release|Any CPU.ActiveCfg = Release|Any CPU
		{4D018EAF-9C7C-43E0-9A28-B73C77D49860}.Release|Any CPU.Build.0 = Release|Any CPU
		{B521D5F1-782D-4948-8716-B2F865A7C05B}.Debug|Any CPU.ActiveCfg = Debug|Any CPU
		{B521D5F1-782D-4948-8716-B2F865A7C05B}.Debug|Any CPU.Build.0 = Debug|Any CPU
		{B521D5F1-782D-4948-8716-B2F865A7C05B}.Release|Any CPU.ActiveCfg = Release|Any CPU
		{B521D5F1-782D-4948-8716-B2F865A7C05B}.Release|Any CPU.Build.0 = Release|Any CPU
		{DE646C58-B3FC-4761-BC66-45450A27DAAA}.Debug|Any CPU.ActiveCfg = Debug|Any CPU
		{DE646C58-B3FC-4761-BC66-45450A27DAAA}.Debug|Any CPU.Build.0 = Debug|Any CPU
		{DE646C58-B3FC-4761-BC66-45450A27DAAA}.Release|Any CPU.ActiveCfg = Release|Any CPU
		{DE646C58-B3FC-4761-BC66-45450A27DAAA}.Release|Any CPU.Build.0 = Release|Any CPU
		{BD4F75D4-75F3-4681-8B09-8156DD5CE5D8}.Debug|Any CPU.ActiveCfg = Debug|Any CPU
		{BD4F75D4-75F3-4681-8B09-8156DD5CE5D8}.Debug|Any CPU.Build.0 = Debug|Any CPU
		{BD4F75D4-75F3-4681-8B09-8156DD5CE5D8}.Release|Any CPU.ActiveCfg = Release|Any CPU
		{BD4F75D4-75F3-4681-8B09-8156DD5CE5D8}.Release|Any CPU.Build.0 = Release|Any CPU
		{CEAF5C8A-5E87-4DB5-ACA5-83B195A07283}.Debug|Any CPU.ActiveCfg = Debug|Any CPU
		{CEAF5C8A-5E87-4DB5-ACA5-83B195A07283}.Debug|Any CPU.Build.0 = Debug|Any CPU
		{CEAF5C8A-5E87-4DB5-ACA5-83B195A07283}.Release|Any CPU.ActiveCfg = Release|Any CPU
		{CEAF5C8A-5E87-4DB5-ACA5-83B195A07283}.Release|Any CPU.Build.0 = Release|Any CPU
		{DF53672D-C04F-4531-A2E2-5C1E7945F9AC}.Debug|Any CPU.ActiveCfg = Debug|Any CPU
		{DF53672D-C04F-4531-A2E2-5C1E7945F9AC}.Debug|Any CPU.Build.0 = Debug|Any CPU
		{DF53672D-C04F-4531-A2E2-5C1E7945F9AC}.Release|Any CPU.ActiveCfg = Release|Any CPU
		{DF53672D-C04F-4531-A2E2-5C1E7945F9AC}.Release|Any CPU.Build.0 = Release|Any CPU
		{91678D02-9341-4CCB-BE4F-E0C491B1795C}.Debug|Any CPU.ActiveCfg = Debug|Any CPU
		{91678D02-9341-4CCB-BE4F-E0C491B1795C}.Debug|Any CPU.Build.0 = Debug|Any CPU
		{91678D02-9341-4CCB-BE4F-E0C491B1795C}.Release|Any CPU.ActiveCfg = Release|Any CPU
		{91678D02-9341-4CCB-BE4F-E0C491B1795C}.Release|Any CPU.Build.0 = Release|Any CPU
		{33A8F6A0-6BFB-4459-A206-23742A8FAC76}.Debug|Any CPU.ActiveCfg = Debug|Any CPU
		{33A8F6A0-6BFB-4459-A206-23742A8FAC76}.Debug|Any CPU.Build.0 = Debug|Any CPU
		{33A8F6A0-6BFB-4459-A206-23742A8FAC76}.Release|Any CPU.ActiveCfg = Release|Any CPU
		{33A8F6A0-6BFB-4459-A206-23742A8FAC76}.Release|Any CPU.Build.0 = Release|Any CPU
		{82CC4E44-5459-4CCD-A0A0-462B1D309FAD}.Debug|Any CPU.ActiveCfg = Debug|Any CPU
		{82CC4E44-5459-4CCD-A0A0-462B1D309FAD}.Debug|Any CPU.Build.0 = Debug|Any CPU
		{82CC4E44-5459-4CCD-A0A0-462B1D309FAD}.Release|Any CPU.ActiveCfg = Release|Any CPU
		{82CC4E44-5459-4CCD-A0A0-462B1D309FAD}.Release|Any CPU.Build.0 = Release|Any CPU
		{3B59C106-D3E0-4720-83C4-7EE3B4FC9FA5}.Debug|Any CPU.ActiveCfg = Debug|Any CPU
		{3B59C106-D3E0-4720-83C4-7EE3B4FC9FA5}.Debug|Any CPU.Build.0 = Debug|Any CPU
		{3B59C106-D3E0-4720-83C4-7EE3B4FC9FA5}.Release|Any CPU.ActiveCfg = Release|Any CPU
		{3B59C106-D3E0-4720-83C4-7EE3B4FC9FA5}.Release|Any CPU.Build.0 = Release|Any CPU
		{1A37F3A6-71B9-4B24-B14B-C06DAF2222EC}.Debug|Any CPU.ActiveCfg = Debug|Any CPU
		{1A37F3A6-71B9-4B24-B14B-C06DAF2222EC}.Debug|Any CPU.Build.0 = Debug|Any CPU
		{1A37F3A6-71B9-4B24-B14B-C06DAF2222EC}.Release|Any CPU.ActiveCfg = Release|Any CPU
		{1A37F3A6-71B9-4B24-B14B-C06DAF2222EC}.Release|Any CPU.Build.0 = Release|Any CPU
		{BEAC2F42-680D-40AD-AE96-E5BB26154675}.Debug|Any CPU.ActiveCfg = Debug|Any CPU
		{BEAC2F42-680D-40AD-AE96-E5BB26154675}.Debug|Any CPU.Build.0 = Debug|Any CPU
		{BEAC2F42-680D-40AD-AE96-E5BB26154675}.Release|Any CPU.ActiveCfg = Release|Any CPU
		{BEAC2F42-680D-40AD-AE96-E5BB26154675}.Release|Any CPU.Build.0 = Release|Any CPU
		{20D523FA-BCB9-4EDA-A5C0-F619F21247D1}.Debug|Any CPU.ActiveCfg = Debug|Any CPU
		{20D523FA-BCB9-4EDA-A5C0-F619F21247D1}.Debug|Any CPU.Build.0 = Debug|Any CPU
		{20D523FA-BCB9-4EDA-A5C0-F619F21247D1}.Release|Any CPU.ActiveCfg = Release|Any CPU
		{20D523FA-BCB9-4EDA-A5C0-F619F21247D1}.Release|Any CPU.Build.0 = Release|Any CPU
		{A976DEF1-59FA-44D5-A0CD-A1E7232D8FD9}.Debug|Any CPU.ActiveCfg = Debug|Any CPU
		{A976DEF1-59FA-44D5-A0CD-A1E7232D8FD9}.Debug|Any CPU.Build.0 = Debug|Any CPU
		{A976DEF1-59FA-44D5-A0CD-A1E7232D8FD9}.Release|Any CPU.ActiveCfg = Release|Any CPU
		{A976DEF1-59FA-44D5-A0CD-A1E7232D8FD9}.Release|Any CPU.Build.0 = Release|Any CPU
		{34379119-DC52-4A5E-A320-77A6BFB89566}.Debug|Any CPU.ActiveCfg = Debug|Any CPU
		{34379119-DC52-4A5E-A320-77A6BFB89566}.Debug|Any CPU.Build.0 = Debug|Any CPU
		{34379119-DC52-4A5E-A320-77A6BFB89566}.Release|Any CPU.ActiveCfg = Release|Any CPU
		{34379119-DC52-4A5E-A320-77A6BFB89566}.Release|Any CPU.Build.0 = Release|Any CPU
		{476F3427-EA56-4D74-B1E1-CC63A1EB8E89}.Debug|Any CPU.ActiveCfg = Debug|Any CPU
		{476F3427-EA56-4D74-B1E1-CC63A1EB8E89}.Debug|Any CPU.Build.0 = Debug|Any CPU
		{476F3427-EA56-4D74-B1E1-CC63A1EB8E89}.Release|Any CPU.ActiveCfg = Release|Any CPU
		{476F3427-EA56-4D74-B1E1-CC63A1EB8E89}.Release|Any CPU.Build.0 = Release|Any CPU
		{EE086942-294F-426C-A537-5CA3DF0F6B99}.Debug|Any CPU.ActiveCfg = Debug|Any CPU
		{EE086942-294F-426C-A537-5CA3DF0F6B99}.Debug|Any CPU.Build.0 = Debug|Any CPU
		{EE086942-294F-426C-A537-5CA3DF0F6B99}.Release|Any CPU.ActiveCfg = Release|Any CPU
		{EE086942-294F-426C-A537-5CA3DF0F6B99}.Release|Any CPU.Build.0 = Release|Any CPU
		{26A0E987-53A2-4656-B54D-74BCE383DB34}.Debug|Any CPU.ActiveCfg = Debug|Any CPU
		{26A0E987-53A2-4656-B54D-74BCE383DB34}.Debug|Any CPU.Build.0 = Debug|Any CPU
		{26A0E987-53A2-4656-B54D-74BCE383DB34}.Release|Any CPU.ActiveCfg = Release|Any CPU
		{26A0E987-53A2-4656-B54D-74BCE383DB34}.Release|Any CPU.Build.0 = Release|Any CPU
		{DCBD858D-7014-4DA8-B61C-ABA05F6385FA}.Debug|Any CPU.ActiveCfg = Debug|Any CPU
		{DCBD858D-7014-4DA8-B61C-ABA05F6385FA}.Debug|Any CPU.Build.0 = Debug|Any CPU
		{DCBD858D-7014-4DA8-B61C-ABA05F6385FA}.Release|Any CPU.ActiveCfg = Release|Any CPU
		{DCBD858D-7014-4DA8-B61C-ABA05F6385FA}.Release|Any CPU.Build.0 = Release|Any CPU
		{94D5C420-CCC9-4D10-AF16-FB89D116C44D}.Debug|Any CPU.ActiveCfg = Debug|Any CPU
		{94D5C420-CCC9-4D10-AF16-FB89D116C44D}.Debug|Any CPU.Build.0 = Debug|Any CPU
		{94D5C420-CCC9-4D10-AF16-FB89D116C44D}.Release|Any CPU.ActiveCfg = Release|Any CPU
		{94D5C420-CCC9-4D10-AF16-FB89D116C44D}.Release|Any CPU.Build.0 = Release|Any CPU
		{08100E64-0C4C-4D39-AF40-52C1C8D7AD70}.Debug|Any CPU.ActiveCfg = Debug|Any CPU
		{08100E64-0C4C-4D39-AF40-52C1C8D7AD70}.Debug|Any CPU.Build.0 = Debug|Any CPU
		{08100E64-0C4C-4D39-AF40-52C1C8D7AD70}.Release|Any CPU.ActiveCfg = Release|Any CPU
		{08100E64-0C4C-4D39-AF40-52C1C8D7AD70}.Release|Any CPU.Build.0 = Release|Any CPU
		{8FD82342-4DA9-4AFA-9C11-2568AA8A9F21}.Debug|Any CPU.ActiveCfg = Debug|Any CPU
		{8FD82342-4DA9-4AFA-9C11-2568AA8A9F21}.Debug|Any CPU.Build.0 = Debug|Any CPU
		{8FD82342-4DA9-4AFA-9C11-2568AA8A9F21}.Release|Any CPU.ActiveCfg = Release|Any CPU
		{8FD82342-4DA9-4AFA-9C11-2568AA8A9F21}.Release|Any CPU.Build.0 = Release|Any CPU
		{2F89A042-3282-42BD-902C-D65352D821CF}.Debug|Any CPU.ActiveCfg = Debug|Any CPU
		{2F89A042-3282-42BD-902C-D65352D821CF}.Debug|Any CPU.Build.0 = Debug|Any CPU
		{2F89A042-3282-42BD-902C-D65352D821CF}.Release|Any CPU.ActiveCfg = Release|Any CPU
		{2F89A042-3282-42BD-902C-D65352D821CF}.Release|Any CPU.Build.0 = Release|Any CPU
		{5A098652-8A24-4302-8F6F-2F9B29B972DD}.Debug|Any CPU.ActiveCfg = Debug|Any CPU
		{5A098652-8A24-4302-8F6F-2F9B29B972DD}.Debug|Any CPU.Build.0 = Debug|Any CPU
		{5A098652-8A24-4302-8F6F-2F9B29B972DD}.Release|Any CPU.ActiveCfg = Release|Any CPU
		{5A098652-8A24-4302-8F6F-2F9B29B972DD}.Release|Any CPU.Build.0 = Release|Any CPU
		{739BA558-BF74-43CE-BCF3-AA025250DA2D}.Debug|Any CPU.ActiveCfg = Debug|Any CPU
		{739BA558-BF74-43CE-BCF3-AA025250DA2D}.Debug|Any CPU.Build.0 = Debug|Any CPU
		{739BA558-BF74-43CE-BCF3-AA025250DA2D}.Release|Any CPU.ActiveCfg = Release|Any CPU
		{739BA558-BF74-43CE-BCF3-AA025250DA2D}.Release|Any CPU.Build.0 = Release|Any CPU
		{90B795A9-49DE-4178-8B48-94A2FE81E234}.Debug|Any CPU.ActiveCfg = Debug|Any CPU
		{90B795A9-49DE-4178-8B48-94A2FE81E234}.Debug|Any CPU.Build.0 = Debug|Any CPU
		{90B795A9-49DE-4178-8B48-94A2FE81E234}.Release|Any CPU.ActiveCfg = Release|Any CPU
		{90B795A9-49DE-4178-8B48-94A2FE81E234}.Release|Any CPU.Build.0 = Release|Any CPU
		{49C531FC-16E9-424F-B5A9-897445147B78}.Debug|Any CPU.ActiveCfg = Debug|Any CPU
		{49C531FC-16E9-424F-B5A9-897445147B78}.Debug|Any CPU.Build.0 = Debug|Any CPU
		{49C531FC-16E9-424F-B5A9-897445147B78}.Release|Any CPU.ActiveCfg = Release|Any CPU
		{49C531FC-16E9-424F-B5A9-897445147B78}.Release|Any CPU.Build.0 = Release|Any CPU
		{9261C30F-15C0-478A-A854-A396CCD9BDA3}.Debug|Any CPU.ActiveCfg = Debug|Any CPU
		{9261C30F-15C0-478A-A854-A396CCD9BDA3}.Debug|Any CPU.Build.0 = Debug|Any CPU
		{9261C30F-15C0-478A-A854-A396CCD9BDA3}.Release|Any CPU.ActiveCfg = Release|Any CPU
		{9261C30F-15C0-478A-A854-A396CCD9BDA3}.Release|Any CPU.Build.0 = Release|Any CPU
		{FC6D05D1-1C33-4041-B37B-AE4EDFCB1D79}.Debug|Any CPU.ActiveCfg = Debug|Any CPU
		{FC6D05D1-1C33-4041-B37B-AE4EDFCB1D79}.Debug|Any CPU.Build.0 = Debug|Any CPU
		{FC6D05D1-1C33-4041-B37B-AE4EDFCB1D79}.Release|Any CPU.ActiveCfg = Release|Any CPU
		{FC6D05D1-1C33-4041-B37B-AE4EDFCB1D79}.Release|Any CPU.Build.0 = Release|Any CPU
		{38EDA9DB-F551-4B5A-84B8-CD623C1B0E39}.Debug|Any CPU.ActiveCfg = Debug|Any CPU
		{38EDA9DB-F551-4B5A-84B8-CD623C1B0E39}.Debug|Any CPU.Build.0 = Debug|Any CPU
		{38EDA9DB-F551-4B5A-84B8-CD623C1B0E39}.Release|Any CPU.ActiveCfg = Release|Any CPU
		{38EDA9DB-F551-4B5A-84B8-CD623C1B0E39}.Release|Any CPU.Build.0 = Release|Any CPU
		{26CC5E37-F21E-4A8C-8DF7-3FB6F6A27E45}.Debug|Any CPU.ActiveCfg = Debug|Any CPU
		{26CC5E37-F21E-4A8C-8DF7-3FB6F6A27E45}.Debug|Any CPU.Build.0 = Debug|Any CPU
		{26CC5E37-F21E-4A8C-8DF7-3FB6F6A27E45}.Release|Any CPU.ActiveCfg = Release|Any CPU
		{26CC5E37-F21E-4A8C-8DF7-3FB6F6A27E45}.Release|Any CPU.Build.0 = Release|Any CPU
		{57F76AC3-A6F1-4936-8470-387BCCD52B32}.Debug|Any CPU.ActiveCfg = Debug|Any CPU
		{57F76AC3-A6F1-4936-8470-387BCCD52B32}.Debug|Any CPU.Build.0 = Debug|Any CPU
		{57F76AC3-A6F1-4936-8470-387BCCD52B32}.Release|Any CPU.ActiveCfg = Release|Any CPU
		{57F76AC3-A6F1-4936-8470-387BCCD52B32}.Release|Any CPU.Build.0 = Release|Any CPU
		{87D5E9D2-C74E-42CC-8E2A-276E48E6CE03}.Debug|Any CPU.ActiveCfg = Debug|Any CPU
		{87D5E9D2-C74E-42CC-8E2A-276E48E6CE03}.Debug|Any CPU.Build.0 = Debug|Any CPU
		{87D5E9D2-C74E-42CC-8E2A-276E48E6CE03}.Release|Any CPU.ActiveCfg = Release|Any CPU
		{87D5E9D2-C74E-42CC-8E2A-276E48E6CE03}.Release|Any CPU.Build.0 = Release|Any CPU
		{2F00D355-8EA5-4F2F-A912-6E62DC836729}.Debug|Any CPU.ActiveCfg = Debug|Any CPU
		{2F00D355-8EA5-4F2F-A912-6E62DC836729}.Debug|Any CPU.Build.0 = Debug|Any CPU
		{2F00D355-8EA5-4F2F-A912-6E62DC836729}.Release|Any CPU.ActiveCfg = Release|Any CPU
		{2F00D355-8EA5-4F2F-A912-6E62DC836729}.Release|Any CPU.Build.0 = Release|Any CPU
		{7C549B33-2249-4815-AB28-F64D0A860C65}.Debug|Any CPU.ActiveCfg = Debug|Any CPU
		{7C549B33-2249-4815-AB28-F64D0A860C65}.Debug|Any CPU.Build.0 = Debug|Any CPU
		{7C549B33-2249-4815-AB28-F64D0A860C65}.Release|Any CPU.ActiveCfg = Release|Any CPU
		{7C549B33-2249-4815-AB28-F64D0A860C65}.Release|Any CPU.Build.0 = Release|Any CPU
		{5C78FCDF-5D13-4AFC-91A0-72987D0E3BD3}.Debug|Any CPU.ActiveCfg = Debug|Any CPU
		{5C78FCDF-5D13-4AFC-91A0-72987D0E3BD3}.Debug|Any CPU.Build.0 = Debug|Any CPU
		{5C78FCDF-5D13-4AFC-91A0-72987D0E3BD3}.Release|Any CPU.ActiveCfg = Release|Any CPU
		{5C78FCDF-5D13-4AFC-91A0-72987D0E3BD3}.Release|Any CPU.Build.0 = Release|Any CPU
		{1D6C72BE-6A7A-43CB-9231-ED25218ABAFA}.Debug|Any CPU.ActiveCfg = Debug|Any CPU
		{1D6C72BE-6A7A-43CB-9231-ED25218ABAFA}.Debug|Any CPU.Build.0 = Debug|Any CPU
		{1D6C72BE-6A7A-43CB-9231-ED25218ABAFA}.Release|Any CPU.ActiveCfg = Release|Any CPU
		{1D6C72BE-6A7A-43CB-9231-ED25218ABAFA}.Release|Any CPU.Build.0 = Release|Any CPU
		{5E52C8EE-BDA7-4DC7-8294-B77D6EAD88BF}.Debug|Any CPU.ActiveCfg = Debug|Any CPU
		{5E52C8EE-BDA7-4DC7-8294-B77D6EAD88BF}.Debug|Any CPU.Build.0 = Debug|Any CPU
		{5E52C8EE-BDA7-4DC7-8294-B77D6EAD88BF}.Release|Any CPU.ActiveCfg = Release|Any CPU
		{5E52C8EE-BDA7-4DC7-8294-B77D6EAD88BF}.Release|Any CPU.Build.0 = Release|Any CPU
		{F0706AC5-278F-4917-8712-32ECE5EEEE92}.Debug|Any CPU.ActiveCfg = Debug|Any CPU
		{F0706AC5-278F-4917-8712-32ECE5EEEE92}.Debug|Any CPU.Build.0 = Debug|Any CPU
		{F0706AC5-278F-4917-8712-32ECE5EEEE92}.Release|Any CPU.ActiveCfg = Release|Any CPU
		{F0706AC5-278F-4917-8712-32ECE5EEEE92}.Release|Any CPU.Build.0 = Release|Any CPU
		{EB322FFF-5ECC-4FD0-92B3-FB951565570B}.Debug|Any CPU.ActiveCfg = Debug|Any CPU
		{EB322FFF-5ECC-4FD0-92B3-FB951565570B}.Debug|Any CPU.Build.0 = Debug|Any CPU
		{EB322FFF-5ECC-4FD0-92B3-FB951565570B}.Release|Any CPU.ActiveCfg = Release|Any CPU
		{EB322FFF-5ECC-4FD0-92B3-FB951565570B}.Release|Any CPU.Build.0 = Release|Any CPU
		{F0315435-2A42-4906-83C0-BDC2531DCE6C}.Debug|Any CPU.ActiveCfg = Debug|Any CPU
		{F0315435-2A42-4906-83C0-BDC2531DCE6C}.Debug|Any CPU.Build.0 = Debug|Any CPU
		{F0315435-2A42-4906-83C0-BDC2531DCE6C}.Release|Any CPU.ActiveCfg = Release|Any CPU
		{F0315435-2A42-4906-83C0-BDC2531DCE6C}.Release|Any CPU.Build.0 = Release|Any CPU
		{ADB853A3-7C0B-49EF-A725-C965312D4AC2}.Debug|Any CPU.ActiveCfg = Debug|Any CPU
		{ADB853A3-7C0B-49EF-A725-C965312D4AC2}.Debug|Any CPU.Build.0 = Debug|Any CPU
		{ADB853A3-7C0B-49EF-A725-C965312D4AC2}.Release|Any CPU.ActiveCfg = Release|Any CPU
		{ADB853A3-7C0B-49EF-A725-C965312D4AC2}.Release|Any CPU.Build.0 = Release|Any CPU
		{247E5F9A-9B43-4907-85DA-ABC2D2987015}.Debug|Any CPU.ActiveCfg = Debug|Any CPU
		{247E5F9A-9B43-4907-85DA-ABC2D2987015}.Debug|Any CPU.Build.0 = Debug|Any CPU
		{247E5F9A-9B43-4907-85DA-ABC2D2987015}.Release|Any CPU.ActiveCfg = Release|Any CPU
		{247E5F9A-9B43-4907-85DA-ABC2D2987015}.Release|Any CPU.Build.0 = Release|Any CPU
		{398B869E-4E42-443B-839C-6E0686EF6544}.Debug|Any CPU.ActiveCfg = Debug|Any CPU
		{398B869E-4E42-443B-839C-6E0686EF6544}.Debug|Any CPU.Build.0 = Debug|Any CPU
		{398B869E-4E42-443B-839C-6E0686EF6544}.Release|Any CPU.ActiveCfg = Release|Any CPU
		{398B869E-4E42-443B-839C-6E0686EF6544}.Release|Any CPU.Build.0 = Release|Any CPU
		{E6E1F502-659B-45D6-914E-37AB2BA83F51}.Debug|Any CPU.ActiveCfg = Debug|Any CPU
		{E6E1F502-659B-45D6-914E-37AB2BA83F51}.Debug|Any CPU.Build.0 = Debug|Any CPU
		{E6E1F502-659B-45D6-914E-37AB2BA83F51}.Release|Any CPU.ActiveCfg = Release|Any CPU
		{E6E1F502-659B-45D6-914E-37AB2BA83F51}.Release|Any CPU.Build.0 = Release|Any CPU
		{CD5094EF-0369-4E11-BD71-88D573D8A2BD}.Debug|Any CPU.ActiveCfg = Debug|Any CPU
		{CD5094EF-0369-4E11-BD71-88D573D8A2BD}.Debug|Any CPU.Build.0 = Debug|Any CPU
		{CD5094EF-0369-4E11-BD71-88D573D8A2BD}.Release|Any CPU.ActiveCfg = Release|Any CPU
		{CD5094EF-0369-4E11-BD71-88D573D8A2BD}.Release|Any CPU.Build.0 = Release|Any CPU
		{D4612FA0-4F29-4F68-97C7-B32BC0D4C606}.Debug|Any CPU.ActiveCfg = Debug|Any CPU
		{D4612FA0-4F29-4F68-97C7-B32BC0D4C606}.Debug|Any CPU.Build.0 = Debug|Any CPU
		{D4612FA0-4F29-4F68-97C7-B32BC0D4C606}.Release|Any CPU.ActiveCfg = Release|Any CPU
		{D4612FA0-4F29-4F68-97C7-B32BC0D4C606}.Release|Any CPU.Build.0 = Release|Any CPU
		{DA380600-E65A-4F04-B9E8-0C23572D2A28}.Debug|Any CPU.ActiveCfg = Debug|Any CPU
		{DA380600-E65A-4F04-B9E8-0C23572D2A28}.Debug|Any CPU.Build.0 = Debug|Any CPU
		{DA380600-E65A-4F04-B9E8-0C23572D2A28}.Release|Any CPU.ActiveCfg = Release|Any CPU
		{DA380600-E65A-4F04-B9E8-0C23572D2A28}.Release|Any CPU.Build.0 = Release|Any CPU
		{CFF5D700-0358-4383-9080-0684586DE83A}.Debug|Any CPU.ActiveCfg = Debug|Any CPU
		{CFF5D700-0358-4383-9080-0684586DE83A}.Debug|Any CPU.Build.0 = Debug|Any CPU
		{CFF5D700-0358-4383-9080-0684586DE83A}.Release|Any CPU.ActiveCfg = Release|Any CPU
		{CFF5D700-0358-4383-9080-0684586DE83A}.Release|Any CPU.Build.0 = Release|Any CPU
		{975F5F98-85E3-41C9-A7B4-51CC2A690909}.Debug|Any CPU.ActiveCfg = Debug|Any CPU
		{975F5F98-85E3-41C9-A7B4-51CC2A690909}.Debug|Any CPU.Build.0 = Debug|Any CPU
		{975F5F98-85E3-41C9-A7B4-51CC2A690909}.Release|Any CPU.ActiveCfg = Release|Any CPU
		{975F5F98-85E3-41C9-A7B4-51CC2A690909}.Release|Any CPU.Build.0 = Release|Any CPU
		{74EDAA9B-7662-4FC4-8155-9A4EC8A84E92}.Debug|Any CPU.ActiveCfg = Debug|Any CPU
		{74EDAA9B-7662-4FC4-8155-9A4EC8A84E92}.Debug|Any CPU.Build.0 = Debug|Any CPU
		{74EDAA9B-7662-4FC4-8155-9A4EC8A84E92}.Release|Any CPU.ActiveCfg = Release|Any CPU
		{74EDAA9B-7662-4FC4-8155-9A4EC8A84E92}.Release|Any CPU.Build.0 = Release|Any CPU
		{D07C89DD-CFEE-47EE-9BF5-A9E8AE342106}.Debug|Any CPU.ActiveCfg = Debug|Any CPU
		{D07C89DD-CFEE-47EE-9BF5-A9E8AE342106}.Debug|Any CPU.Build.0 = Debug|Any CPU
		{D07C89DD-CFEE-47EE-9BF5-A9E8AE342106}.Release|Any CPU.ActiveCfg = Release|Any CPU
		{D07C89DD-CFEE-47EE-9BF5-A9E8AE342106}.Release|Any CPU.Build.0 = Release|Any CPU
		{97675D78-F018-41F6-AC17-FDAECF6578E5}.Debug|Any CPU.ActiveCfg = Debug|Any CPU
		{97675D78-F018-41F6-AC17-FDAECF6578E5}.Debug|Any CPU.Build.0 = Debug|Any CPU
		{97675D78-F018-41F6-AC17-FDAECF6578E5}.Release|Any CPU.ActiveCfg = Release|Any CPU
		{97675D78-F018-41F6-AC17-FDAECF6578E5}.Release|Any CPU.Build.0 = Release|Any CPU
		{C44AB510-5775-4946-9929-EB1B1306E1E7}.Debug|Any CPU.ActiveCfg = Debug|Any CPU
		{C44AB510-5775-4946-9929-EB1B1306E1E7}.Debug|Any CPU.Build.0 = Debug|Any CPU
		{C44AB510-5775-4946-9929-EB1B1306E1E7}.Release|Any CPU.ActiveCfg = Release|Any CPU
		{C44AB510-5775-4946-9929-EB1B1306E1E7}.Release|Any CPU.Build.0 = Release|Any CPU
		{9A647CCF-B96B-4B39-91C0-315D7CAC1CA9}.Debug|Any CPU.ActiveCfg = Debug|Any CPU
		{9A647CCF-B96B-4B39-91C0-315D7CAC1CA9}.Debug|Any CPU.Build.0 = Debug|Any CPU
		{9A647CCF-B96B-4B39-91C0-315D7CAC1CA9}.Release|Any CPU.ActiveCfg = Release|Any CPU
		{9A647CCF-B96B-4B39-91C0-315D7CAC1CA9}.Release|Any CPU.Build.0 = Release|Any CPU
		{F188D30D-ABAE-4FA8-AFB0-A277A9AB6B3E}.Debug|Any CPU.ActiveCfg = Debug|Any CPU
		{F188D30D-ABAE-4FA8-AFB0-A277A9AB6B3E}.Debug|Any CPU.Build.0 = Debug|Any CPU
		{F188D30D-ABAE-4FA8-AFB0-A277A9AB6B3E}.Release|Any CPU.ActiveCfg = Release|Any CPU
		{F188D30D-ABAE-4FA8-AFB0-A277A9AB6B3E}.Release|Any CPU.Build.0 = Release|Any CPU
		{2774489B-F3E5-42BE-8D97-DA3432BF3808}.Debug|Any CPU.ActiveCfg = Debug|Any CPU
		{2774489B-F3E5-42BE-8D97-DA3432BF3808}.Debug|Any CPU.Build.0 = Debug|Any CPU
		{2774489B-F3E5-42BE-8D97-DA3432BF3808}.Release|Any CPU.ActiveCfg = Release|Any CPU
		{2774489B-F3E5-42BE-8D97-DA3432BF3808}.Release|Any CPU.Build.0 = Release|Any CPU
		{0EB9EB9B-696C-4EB1-BA6A-033692A280BC}.Debug|Any CPU.ActiveCfg = Debug|Any CPU
		{0EB9EB9B-696C-4EB1-BA6A-033692A280BC}.Debug|Any CPU.Build.0 = Debug|Any CPU
		{0EB9EB9B-696C-4EB1-BA6A-033692A280BC}.Release|Any CPU.ActiveCfg = Release|Any CPU
		{0EB9EB9B-696C-4EB1-BA6A-033692A280BC}.Release|Any CPU.Build.0 = Release|Any CPU
		{73C716C6-05D9-402A-9597-A9BA8279257B}.Debug|Any CPU.ActiveCfg = Debug|Any CPU
		{73C716C6-05D9-402A-9597-A9BA8279257B}.Debug|Any CPU.Build.0 = Debug|Any CPU
		{73C716C6-05D9-402A-9597-A9BA8279257B}.Release|Any CPU.ActiveCfg = Release|Any CPU
		{73C716C6-05D9-402A-9597-A9BA8279257B}.Release|Any CPU.Build.0 = Release|Any CPU
		{0275BA2B-2CC7-47ED-B94E-07A0E8E5CB71}.Debug|Any CPU.ActiveCfg = Debug|Any CPU
		{0275BA2B-2CC7-47ED-B94E-07A0E8E5CB71}.Debug|Any CPU.Build.0 = Debug|Any CPU
		{0275BA2B-2CC7-47ED-B94E-07A0E8E5CB71}.Release|Any CPU.ActiveCfg = Release|Any CPU
		{0275BA2B-2CC7-47ED-B94E-07A0E8E5CB71}.Release|Any CPU.Build.0 = Release|Any CPU
		{B3F40162-2361-4058-B822-6C9946ED93F4}.Debug|Any CPU.ActiveCfg = Debug|Any CPU
		{B3F40162-2361-4058-B822-6C9946ED93F4}.Debug|Any CPU.Build.0 = Debug|Any CPU
		{B3F40162-2361-4058-B822-6C9946ED93F4}.Release|Any CPU.ActiveCfg = Release|Any CPU
		{B3F40162-2361-4058-B822-6C9946ED93F4}.Release|Any CPU.Build.0 = Release|Any CPU
		{BC277F24-D4EA-453F-A76F-85BE5A5B5599}.Debug|Any CPU.ActiveCfg = Debug|Any CPU
		{BC277F24-D4EA-453F-A76F-85BE5A5B5599}.Debug|Any CPU.Build.0 = Debug|Any CPU
		{BC277F24-D4EA-453F-A76F-85BE5A5B5599}.Release|Any CPU.ActiveCfg = Release|Any CPU
		{BC277F24-D4EA-453F-A76F-85BE5A5B5599}.Release|Any CPU.Build.0 = Release|Any CPU
		{DA32959E-3412-4F72-A65C-A89625C737C5}.Debug|Any CPU.ActiveCfg = Debug|Any CPU
		{DA32959E-3412-4F72-A65C-A89625C737C5}.Debug|Any CPU.Build.0 = Debug|Any CPU
		{DA32959E-3412-4F72-A65C-A89625C737C5}.Release|Any CPU.ActiveCfg = Release|Any CPU
		{DA32959E-3412-4F72-A65C-A89625C737C5}.Release|Any CPU.Build.0 = Release|Any CPU
		{DA14C59B-49BA-460A-9043-E82157763F29}.Debug|Any CPU.ActiveCfg = Debug|Any CPU
		{DA14C59B-49BA-460A-9043-E82157763F29}.Debug|Any CPU.Build.0 = Debug|Any CPU
		{DA14C59B-49BA-460A-9043-E82157763F29}.Release|Any CPU.ActiveCfg = Release|Any CPU
		{DA14C59B-49BA-460A-9043-E82157763F29}.Release|Any CPU.Build.0 = Release|Any CPU
		{CA1F3D2A-DD1B-4A86-83B9-ED97E116892C}.Debug|Any CPU.ActiveCfg = Debug|Any CPU
		{CA1F3D2A-DD1B-4A86-83B9-ED97E116892C}.Debug|Any CPU.Build.0 = Debug|Any CPU
		{CA1F3D2A-DD1B-4A86-83B9-ED97E116892C}.Release|Any CPU.ActiveCfg = Release|Any CPU
		{CA1F3D2A-DD1B-4A86-83B9-ED97E116892C}.Release|Any CPU.Build.0 = Release|Any CPU
		{2E50718D-56D8-405C-9571-079D5ABA3D78}.Debug|Any CPU.ActiveCfg = Debug|Any CPU
		{2E50718D-56D8-405C-9571-079D5ABA3D78}.Debug|Any CPU.Build.0 = Debug|Any CPU
		{2E50718D-56D8-405C-9571-079D5ABA3D78}.Release|Any CPU.ActiveCfg = Release|Any CPU
		{2E50718D-56D8-405C-9571-079D5ABA3D78}.Release|Any CPU.Build.0 = Release|Any CPU
		{0EF4D078-7CB0-40BA-A167-83F448EE8CDC}.Debug|Any CPU.ActiveCfg = Debug|Any CPU
		{0EF4D078-7CB0-40BA-A167-83F448EE8CDC}.Debug|Any CPU.Build.0 = Debug|Any CPU
		{0EF4D078-7CB0-40BA-A167-83F448EE8CDC}.Release|Any CPU.ActiveCfg = Release|Any CPU
		{0EF4D078-7CB0-40BA-A167-83F448EE8CDC}.Release|Any CPU.Build.0 = Release|Any CPU
		{05008812-64CC-4E29-A21A-6F7B8ABF6B1F}.Debug|Any CPU.ActiveCfg = Debug|Any CPU
		{05008812-64CC-4E29-A21A-6F7B8ABF6B1F}.Debug|Any CPU.Build.0 = Debug|Any CPU
		{05008812-64CC-4E29-A21A-6F7B8ABF6B1F}.Release|Any CPU.ActiveCfg = Release|Any CPU
		{05008812-64CC-4E29-A21A-6F7B8ABF6B1F}.Release|Any CPU.Build.0 = Release|Any CPU
		{E098CB16-B983-4587-B570-D3CA738D58ED}.Debug|Any CPU.ActiveCfg = Debug|Any CPU
		{E098CB16-B983-4587-B570-D3CA738D58ED}.Debug|Any CPU.Build.0 = Debug|Any CPU
		{E098CB16-B983-4587-B570-D3CA738D58ED}.Release|Any CPU.ActiveCfg = Release|Any CPU
		{E098CB16-B983-4587-B570-D3CA738D58ED}.Release|Any CPU.Build.0 = Release|Any CPU
		{432B0F09-3142-4C78-9195-D97CD2856657}.Debug|Any CPU.ActiveCfg = Debug|Any CPU
		{432B0F09-3142-4C78-9195-D97CD2856657}.Debug|Any CPU.Build.0 = Debug|Any CPU
		{432B0F09-3142-4C78-9195-D97CD2856657}.Release|Any CPU.ActiveCfg = Release|Any CPU
		{432B0F09-3142-4C78-9195-D97CD2856657}.Release|Any CPU.Build.0 = Release|Any CPU
		{6B35D763-5ABC-4BBE-A699-F1C71E932B7E}.Debug|Any CPU.ActiveCfg = Debug|Any CPU
		{6B35D763-5ABC-4BBE-A699-F1C71E932B7E}.Debug|Any CPU.Build.0 = Debug|Any CPU
		{6B35D763-5ABC-4BBE-A699-F1C71E932B7E}.Release|Any CPU.ActiveCfg = Release|Any CPU
		{6B35D763-5ABC-4BBE-A699-F1C71E932B7E}.Release|Any CPU.Build.0 = Release|Any CPU
		{3AC4B468-62CB-430F-B324-72692D898975}.Debug|Any CPU.ActiveCfg = Debug|Any CPU
		{3AC4B468-62CB-430F-B324-72692D898975}.Debug|Any CPU.Build.0 = Debug|Any CPU
		{3AC4B468-62CB-430F-B324-72692D898975}.Release|Any CPU.ActiveCfg = Release|Any CPU
		{3AC4B468-62CB-430F-B324-72692D898975}.Release|Any CPU.Build.0 = Release|Any CPU
		{8557921A-215C-422C-AE52-48FF36DA12E5}.Debug|Any CPU.ActiveCfg = Debug|Any CPU
		{8557921A-215C-422C-AE52-48FF36DA12E5}.Debug|Any CPU.Build.0 = Debug|Any CPU
		{8557921A-215C-422C-AE52-48FF36DA12E5}.Release|Any CPU.ActiveCfg = Release|Any CPU
		{8557921A-215C-422C-AE52-48FF36DA12E5}.Release|Any CPU.Build.0 = Release|Any CPU
		{1D456166-52D3-4C6C-B154-315F7E64C6FA}.Debug|Any CPU.ActiveCfg = Debug|Any CPU
		{1D456166-52D3-4C6C-B154-315F7E64C6FA}.Debug|Any CPU.Build.0 = Debug|Any CPU
		{1D456166-52D3-4C6C-B154-315F7E64C6FA}.Release|Any CPU.ActiveCfg = Release|Any CPU
		{1D456166-52D3-4C6C-B154-315F7E64C6FA}.Release|Any CPU.Build.0 = Release|Any CPU
		{92CC173D-AE2E-484C-AC70-209BDB6868C2}.Debug|Any CPU.ActiveCfg = Debug|Any CPU
		{92CC173D-AE2E-484C-AC70-209BDB6868C2}.Debug|Any CPU.Build.0 = Debug|Any CPU
		{92CC173D-AE2E-484C-AC70-209BDB6868C2}.Release|Any CPU.ActiveCfg = Release|Any CPU
		{92CC173D-AE2E-484C-AC70-209BDB6868C2}.Release|Any CPU.Build.0 = Release|Any CPU
		{A4D8428C-00FB-46E4-B113-CE2CE18B7AAA}.Debug|Any CPU.ActiveCfg = Debug|Any CPU
		{A4D8428C-00FB-46E4-B113-CE2CE18B7AAA}.Debug|Any CPU.Build.0 = Debug|Any CPU
		{A4D8428C-00FB-46E4-B113-CE2CE18B7AAA}.Release|Any CPU.ActiveCfg = Release|Any CPU
		{A4D8428C-00FB-46E4-B113-CE2CE18B7AAA}.Release|Any CPU.Build.0 = Release|Any CPU
	EndGlobalSection
	GlobalSection(SolutionProperties) = preSolution
		HideSolutionNode = FALSE
	EndGlobalSection
	GlobalSection(ExtensibilityGlobals) = postSolution
		SolutionGuid = {A206F594-6597-4673-BE4E-E38B4304FE34}
	EndGlobalSection
EndGlobal
