
Microsoft Visual Studio Solution File, Format Version 12.00
# Visual Studio Version 17
VisualStudioVersion = 17.3.32901.215
MinimumVisualStudioVersion = 10.0.40219.1
Project("{9A19103F-16F7-4668-BE54-9A1E7A4F7556}") = "Sample101", "Sample101\Sample101.csproj", "{16AE9C35-BF54-4DB9-829E-1CCC1117B078}"
EndProject
Project("{9A19103F-16F7-4668-BE54-9A1E7A4F7556}") = "Sample102", "Sample102\Sample102.csproj", "{4D018EAF-9C7C-43E0-9A28-B73C77D49860}"
EndProject
Project("{9A19103F-16F7-4668-BE54-9A1E7A4F7556}") = "Sample103", "Sample103\Sample103.csproj", "{B521D5F1-782D-4948-8716-B2F865A7C05B}"
EndProject
Project("{9A19103F-16F7-4668-BE54-9A1E7A4F7556}") = "Exercise101", "Exercise101\Exercise101.csproj", "{DE646C58-B3FC-4761-BC66-45450A27DAAA}"
EndProject
Project("{9A19103F-16F7-4668-BE54-9A1E7A4F7556}") = "Excercise102", "Excercise102\Excercise102.csproj", "{BD4F75D4-75F3-4681-8B09-8156DD5CE5D8}"
EndProject
Project("{9A19103F-16F7-4668-BE54-9A1E7A4F7556}") = "Exercise103", "Exercise103\Exercise103.csproj", "{CEAF5C8A-5E87-4DB5-ACA5-83B195A07283}"
EndProject
Project("{9A19103F-16F7-4668-BE54-9A1E7A4F7556}") = "Sample201", "Sample201\Sample201.csproj", "{DF53672D-C04F-4531-A2E2-5C1E7945F9AC}"
EndProject
Project("{9A19103F-16F7-4668-BE54-9A1E7A4F7556}") = "Sample202", "Sample202\Sample202.csproj", "{91678D02-9341-4CCB-BE4F-E0C491B1795C}"
EndProject
Project("{9A19103F-16F7-4668-BE54-9A1E7A4F7556}") = "Sample203", "Sample203\Sample203.csproj", "{33A8F6A0-6BFB-4459-A206-23742A8FAC76}"
EndProject
Project("{9A19103F-16F7-4668-BE54-9A1E7A4F7556}") = "Sample204", "Sample204\Sample204.csproj", "{82CC4E44-5459-4CCD-A0A0-462B1D309FAD}"
EndProject
Project("{9A19103F-16F7-4668-BE54-9A1E7A4F7556}") = "Sample205", "Sample205\Sample205.csproj", "{3B59C106-D3E0-4720-83C4-7EE3B4FC9FA5}"
EndProject
Project("{9A19103F-16F7-4668-BE54-9A1E7A4F7556}") = "Sample206", "Sample206\Sample206.csproj", "{1A37F3A6-71B9-4B24-B14B-C06DAF2222EC}"
EndProject
Project("{9A19103F-16F7-4668-BE54-9A1E7A4F7556}") = "Exercise201", "Exercise201\Exercise201.csproj", "{BEAC2F42-680D-40AD-AE96-E5BB26154675}"
EndProject
Project("{9A19103F-16F7-4668-BE54-9A1E7A4F7556}") = "Exercise202", "Exercise202\Exercise202.csproj", "{20D523FA-BCB9-4EDA-A5C0-F619F21247D1}"
EndProject
Project("{9A19103F-16F7-4668-BE54-9A1E7A4F7556}") = "Exercise203", "Exercise203\Exercise203.csproj", "{A976DEF1-59FA-44D5-A0CD-A1E7232D8FD9}"
EndProject
Project("{9A19103F-16F7-4668-BE54-9A1E7A4F7556}") = "Sample301", "Sample301\Sample301.csproj", "{34379119-DC52-4A5E-A320-77A6BFB89566}"
EndProject
Project("{9A19103F-16F7-4668-BE54-9A1E7A4F7556}") = "Sample304", "Sample304\Sample304.csproj", "{476F3427-EA56-4D74-B1E1-CC63A1EB8E89}"
EndProject
Project("{9A19103F-16F7-4668-BE54-9A1E7A4F7556}") = "Sample305", "Sample305\Sample305.csproj", "{EE086942-294F-426C-A537-5CA3DF0F6B99}"
EndProject
Project("{9A19103F-16F7-4668-BE54-9A1E7A4F7556}") = "Sample306", "Sample306\Sample306.csproj", "{26A0E987-53A2-4656-B54D-74BCE383DB34}"
EndProject
Project("{9A19103F-16F7-4668-BE54-9A1E7A4F7556}") = "Exercise301", "Exercise301\Exercise301.csproj", "{DCBD858D-7014-4DA8-B61C-ABA05F6385FA}"
EndProject
Project("{9A19103F-16F7-4668-BE54-9A1E7A4F7556}") = "Exercise302", "Exercise302\Exercise302.csproj", "{94D5C420-CCC9-4D10-AF16-FB89D116C44D}"
EndProject
Project("{9A19103F-16F7-4668-BE54-9A1E7A4F7556}") = "Exercise303", "Exercise303\Exercise303.csproj", "{08100E64-0C4C-4D39-AF40-52C1C8D7AD70}"
EndProject
Project("{9A19103F-16F7-4668-BE54-9A1E7A4F7556}") = "Sample401", "Sample401\Sample401.csproj", "{8FD82342-4DA9-4AFA-9C11-2568AA8A9F21}"
EndProject
Project("{9A19103F-16F7-4668-BE54-9A1E7A4F7556}") = "Sample404", "Sample404\Sample404.csproj", "{2F89A042-3282-42BD-902C-D65352D821CF}"
EndProject
Project("{9A19103F-16F7-4668-BE54-9A1E7A4F7556}") = "Sample406", "Sample406\Sample406.csproj", "{5A098652-8A24-4302-8F6F-2F9B29B972DD}"
EndProject
Project("{9A19103F-16F7-4668-BE54-9A1E7A4F7556}") = "Exercise401", "Exercise401\Exercise401.csproj", "{739BA558-BF74-43CE-BCF3-AA025250DA2D}"
EndProject
Project("{9A19103F-16F7-4668-BE54-9A1E7A4F7556}") = "Exercise402", "Exercise402\Exercise402.csproj", "{90B795A9-49DE-4178-8B48-94A2FE81E234}"
EndProject
Project("{9A19103F-16F7-4668-BE54-9A1E7A4F7556}") = "Exercise403", "Exercise403\Exercise403.csproj", "{49C531FC-16E9-424F-B5A9-897445147B78}"
EndProject
Project("{9A19103F-16F7-4668-BE54-9A1E7A4F7556}") = "Sample501", "Sample501\Sample501.csproj", "{9261C30F-15C0-478A-A854-A396CCD9BDA3}"
EndProject
Project("{9A19103F-16F7-4668-BE54-9A1E7A4F7556}") = "Sample502", "Sample502\Sample502.csproj", "{FC6D05D1-1C33-4041-B37B-AE4EDFCB1D79}"
EndProject
Project("{9A19103F-16F7-4668-BE54-9A1E7A4F7556}") = "Sample503", "Sample503\Sample503.csproj", "{38EDA9DB-F551-4B5A-84B8-CD623C1B0E39}"
EndProject
Project("{9A19103F-16F7-4668-BE54-9A1E7A4F7556}") = "Sample504", "Sample504\Sample504.csproj", "{26CC5E37-F21E-4A8C-8DF7-3FB6F6A27E45}"
EndProject
Project("{9A19103F-16F7-4668-BE54-9A1E7A4F7556}") = "Sample505", "Sample505\Sample505.csproj", "{57F76AC3-A6F1-4936-8470-387BCCD52B32}"
EndProject
Project("{9A19103F-16F7-4668-BE54-9A1E7A4F7556}") = "Sample506", "Sample506\Sample506.csproj", "{87D5E9D2-C74E-42CC-8E2A-276E48E6CE03}"
EndProject
Project("{9A19103F-16F7-4668-BE54-9A1E7A4F7556}") = "Exercise501", "Exercise501\Exercise501.csproj", "{2F00D355-8EA5-4F2F-A912-6E62DC836729}"
EndProject
Project("{9A19103F-16F7-4668-BE54-9A1E7A4F7556}") = "Exercise502", "Exercise502\Exercise502.csproj", "{7C549B33-2249-4815-AB28-F64D0A860C65}"
EndProject
Project("{9A19103F-16F7-4668-BE54-9A1E7A4F7556}") = "Exercise503", "Exercise503\Exercise503.csproj", "{5C78FCDF-5D13-4AFC-91A0-72987D0E3BD3}"
EndProject
Project("{9A19103F-16F7-4668-BE54-9A1E7A4F7556}") = "Exercise504", "Exercise504\Exercise504.csproj", "{1D6C72BE-6A7A-43CB-9231-ED25218ABAFA}"
EndProject
Project("{FAE04EC0-301F-11D3-BF4B-00C04F79EFBC}") = "Sample601", "Sample601\Sample601.csproj", "{5E52C8EE-BDA7-4DC7-8294-B77D6EAD88BF}"
EndProject
Project("{FAE04EC0-301F-11D3-BF4B-00C04F79EFBC}") = "Sample602", "Sample602\Sample602.csproj", "{F0706AC5-278F-4917-8712-32ECE5EEEE92}"
EndProject
Project("{FAE04EC0-301F-11D3-BF4B-00C04F79EFBC}") = "Exercise601", "Exercise601\Exercise601.csproj", "{EB322FFF-5ECC-4FD0-92B3-FB951565570B}"
EndProject
Global
	GlobalSection(SolutionConfigurationPlatforms) = preSolution
		Debug|Any CPU = Debug|Any CPU
		Release|Any CPU = Release|Any CPU
	EndGlobalSection
	GlobalSection(ProjectConfigurationPlatforms) = postSolution
		{16AE9C35-BF54-4DB9-829E-1CCC1117B078}.Debug|Any CPU.ActiveCfg = Debug|Any CPU
		{16AE9C35-BF54-4DB9-829E-1CCC1117B078}.Debug|Any CPU.Build.0 = Debug|Any CPU
		{16AE9C35-BF54-4DB9-829E-1CCC1117B078}.Release|Any CPU.ActiveCfg = Release|Any CPU
		{16AE9C35-BF54-4DB9-829E-1CCC1117B078}.Release|Any CPU.Build.0 = Release|Any CPU
		{4D018EAF-9C7C-43E0-9A28-B73C77D49860}.Debug|Any CPU.ActiveCfg = Debug|Any CPU
		{4D018EAF-9C7C-43E0-9A28-B73C77D49860}.Debug|Any CPU.Build.0 = Debug|Any CPU
		{4D018EAF-9C7C-43E0-9A28-B73C77D49860}.Release|Any CPU.ActiveCfg = Release|Any CPU
		{4D018EAF-9C7C-43E0-9A28-B73C77D49860}.Release|Any CPU.Build.0 = Release|Any CPU
		{B521D5F1-782D-4948-8716-B2F865A7C05B}.Debug|Any CPU.ActiveCfg = Debug|Any CPU
		{B521D5F1-782D-4948-8716-B2F865A7C05B}.Debug|Any CPU.Build.0 = Debug|Any CPU
		{B521D5F1-782D-4948-8716-B2F865A7C05B}.Release|Any CPU.ActiveCfg = Release|Any CPU
		{B521D5F1-782D-4948-8716-B2F865A7C05B}.Release|Any CPU.Build.0 = Release|Any CPU
		{DE646C58-B3FC-4761-BC66-45450A27DAAA}.Debug|Any CPU.ActiveCfg = Debug|Any CPU
		{DE646C58-B3FC-4761-BC66-45450A27DAAA}.Debug|Any CPU.Build.0 = Debug|Any CPU
		{DE646C58-B3FC-4761-BC66-45450A27DAAA}.Release|Any CPU.ActiveCfg = Release|Any CPU
		{DE646C58-B3FC-4761-BC66-45450A27DAAA}.Release|Any CPU.Build.0 = Release|Any CPU
		{BD4F75D4-75F3-4681-8B09-8156DD5CE5D8}.Debug|Any CPU.ActiveCfg = Debug|Any CPU
		{BD4F75D4-75F3-4681-8B09-8156DD5CE5D8}.Debug|Any CPU.Build.0 = Debug|Any CPU
		{BD4F75D4-75F3-4681-8B09-8156DD5CE5D8}.Release|Any CPU.ActiveCfg = Release|Any CPU
		{BD4F75D4-75F3-4681-8B09-8156DD5CE5D8}.Release|Any CPU.Build.0 = Release|Any CPU
		{CEAF5C8A-5E87-4DB5-ACA5-83B195A07283}.Debug|Any CPU.ActiveCfg = Debug|Any CPU
		{CEAF5C8A-5E87-4DB5-ACA5-83B195A07283}.Debug|Any CPU.Build.0 = Debug|Any CPU
		{CEAF5C8A-5E87-4DB5-ACA5-83B195A07283}.Release|Any CPU.ActiveCfg = Release|Any CPU
		{CEAF5C8A-5E87-4DB5-ACA5-83B195A07283}.Release|Any CPU.Build.0 = Release|Any CPU
		{DF53672D-C04F-4531-A2E2-5C1E7945F9AC}.Debug|Any CPU.ActiveCfg = Debug|Any CPU
		{DF53672D-C04F-4531-A2E2-5C1E7945F9AC}.Debug|Any CPU.Build.0 = Debug|Any CPU
		{DF53672D-C04F-4531-A2E2-5C1E7945F9AC}.Release|Any CPU.ActiveCfg = Release|Any CPU
		{DF53672D-C04F-4531-A2E2-5C1E7945F9AC}.Release|Any CPU.Build.0 = Release|Any CPU
		{91678D02-9341-4CCB-BE4F-E0C491B1795C}.Debug|Any CPU.ActiveCfg = Debug|Any CPU
		{91678D02-9341-4CCB-BE4F-E0C491B1795C}.Debug|Any CPU.Build.0 = Debug|Any CPU
		{91678D02-9341-4CCB-BE4F-E0C491B1795C}.Release|Any CPU.ActiveCfg = Release|Any CPU
		{91678D02-9341-4CCB-BE4F-E0C491B1795C}.Release|Any CPU.Build.0 = Release|Any CPU
		{33A8F6A0-6BFB-4459-A206-23742A8FAC76}.Debug|Any CPU.ActiveCfg = Debug|Any CPU
		{33A8F6A0-6BFB-4459-A206-23742A8FAC76}.Debug|Any CPU.Build.0 = Debug|Any CPU
		{33A8F6A0-6BFB-4459-A206-23742A8FAC76}.Release|Any CPU.ActiveCfg = Release|Any CPU
		{33A8F6A0-6BFB-4459-A206-23742A8FAC76}.Release|Any CPU.Build.0 = Release|Any CPU
		{82CC4E44-5459-4CCD-A0A0-462B1D309FAD}.Debug|Any CPU.ActiveCfg = Debug|Any CPU
		{82CC4E44-5459-4CCD-A0A0-462B1D309FAD}.Debug|Any CPU.Build.0 = Debug|Any CPU
		{82CC4E44-5459-4CCD-A0A0-462B1D309FAD}.Release|Any CPU.ActiveCfg = Release|Any CPU
		{82CC4E44-5459-4CCD-A0A0-462B1D309FAD}.Release|Any CPU.Build.0 = Release|Any CPU
		{3B59C106-D3E0-4720-83C4-7EE3B4FC9FA5}.Debug|Any CPU.ActiveCfg = Debug|Any CPU
		{3B59C106-D3E0-4720-83C4-7EE3B4FC9FA5}.Debug|Any CPU.Build.0 = Debug|Any CPU
		{3B59C106-D3E0-4720-83C4-7EE3B4FC9FA5}.Release|Any CPU.ActiveCfg = Release|Any CPU
		{3B59C106-D3E0-4720-83C4-7EE3B4FC9FA5}.Release|Any CPU.Build.0 = Release|Any CPU
		{1A37F3A6-71B9-4B24-B14B-C06DAF2222EC}.Debug|Any CPU.ActiveCfg = Debug|Any CPU
		{1A37F3A6-71B9-4B24-B14B-C06DAF2222EC}.Debug|Any CPU.Build.0 = Debug|Any CPU
		{1A37F3A6-71B9-4B24-B14B-C06DAF2222EC}.Release|Any CPU.ActiveCfg = Release|Any CPU
		{1A37F3A6-71B9-4B24-B14B-C06DAF2222EC}.Release|Any CPU.Build.0 = Release|Any CPU
		{BEAC2F42-680D-40AD-AE96-E5BB26154675}.Debug|Any CPU.ActiveCfg = Debug|Any CPU
		{BEAC2F42-680D-40AD-AE96-E5BB26154675}.Debug|Any CPU.Build.0 = Debug|Any CPU
		{BEAC2F42-680D-40AD-AE96-E5BB26154675}.Release|Any CPU.ActiveCfg = Release|Any CPU
		{BEAC2F42-680D-40AD-AE96-E5BB26154675}.Release|Any CPU.Build.0 = Release|Any CPU
		{20D523FA-BCB9-4EDA-A5C0-F619F21247D1}.Debug|Any CPU.ActiveCfg = Debug|Any CPU
		{20D523FA-BCB9-4EDA-A5C0-F619F21247D1}.Debug|Any CPU.Build.0 = Debug|Any CPU
		{20D523FA-BCB9-4EDA-A5C0-F619F21247D1}.Release|Any CPU.ActiveCfg = Release|Any CPU
		{20D523FA-BCB9-4EDA-A5C0-F619F21247D1}.Release|Any CPU.Build.0 = Release|Any CPU
		{A976DEF1-59FA-44D5-A0CD-A1E7232D8FD9}.Debug|Any CPU.ActiveCfg = Debug|Any CPU
		{A976DEF1-59FA-44D5-A0CD-A1E7232D8FD9}.Debug|Any CPU.Build.0 = Debug|Any CPU
		{A976DEF1-59FA-44D5-A0CD-A1E7232D8FD9}.Release|Any CPU.ActiveCfg = Release|Any CPU
		{A976DEF1-59FA-44D5-A0CD-A1E7232D8FD9}.Release|Any CPU.Build.0 = Release|Any CPU
		{34379119-DC52-4A5E-A320-77A6BFB89566}.Debug|Any CPU.ActiveCfg = Debug|Any CPU
		{34379119-DC52-4A5E-A320-77A6BFB89566}.Debug|Any CPU.Build.0 = Debug|Any CPU
		{34379119-DC52-4A5E-A320-77A6BFB89566}.Release|Any CPU.ActiveCfg = Release|Any CPU
		{34379119-DC52-4A5E-A320-77A6BFB89566}.Release|Any CPU.Build.0 = Release|Any CPU
		{476F3427-EA56-4D74-B1E1-CC63A1EB8E89}.Debug|Any CPU.ActiveCfg = Debug|Any CPU
		{476F3427-EA56-4D74-B1E1-CC63A1EB8E89}.Debug|Any CPU.Build.0 = Debug|Any CPU
		{476F3427-EA56-4D74-B1E1-CC63A1EB8E89}.Release|Any CPU.ActiveCfg = Release|Any CPU
		{476F3427-EA56-4D74-B1E1-CC63A1EB8E89}.Release|Any CPU.Build.0 = Release|Any CPU
		{EE086942-294F-426C-A537-5CA3DF0F6B99}.Debug|Any CPU.ActiveCfg = Debug|Any CPU
		{EE086942-294F-426C-A537-5CA3DF0F6B99}.Debug|Any CPU.Build.0 = Debug|Any CPU
		{EE086942-294F-426C-A537-5CA3DF0F6B99}.Release|Any CPU.ActiveCfg = Release|Any CPU
		{EE086942-294F-426C-A537-5CA3DF0F6B99}.Release|Any CPU.Build.0 = Release|Any CPU
		{26A0E987-53A2-4656-B54D-74BCE383DB34}.Debug|Any CPU.ActiveCfg = Debug|Any CPU
		{26A0E987-53A2-4656-B54D-74BCE383DB34}.Debug|Any CPU.Build.0 = Debug|Any CPU
		{26A0E987-53A2-4656-B54D-74BCE383DB34}.Release|Any CPU.ActiveCfg = Release|Any CPU
		{26A0E987-53A2-4656-B54D-74BCE383DB34}.Release|Any CPU.Build.0 = Release|Any CPU
		{DCBD858D-7014-4DA8-B61C-ABA05F6385FA}.Debug|Any CPU.ActiveCfg = Debug|Any CPU
		{DCBD858D-7014-4DA8-B61C-ABA05F6385FA}.Debug|Any CPU.Build.0 = Debug|Any CPU
		{DCBD858D-7014-4DA8-B61C-ABA05F6385FA}.Release|Any CPU.ActiveCfg = Release|Any CPU
		{DCBD858D-7014-4DA8-B61C-ABA05F6385FA}.Release|Any CPU.Build.0 = Release|Any CPU
		{94D5C420-CCC9-4D10-AF16-FB89D116C44D}.Debug|Any CPU.ActiveCfg = Debug|Any CPU
		{94D5C420-CCC9-4D10-AF16-FB89D116C44D}.Debug|Any CPU.Build.0 = Debug|Any CPU
		{94D5C420-CCC9-4D10-AF16-FB89D116C44D}.Release|Any CPU.ActiveCfg = Release|Any CPU
		{94D5C420-CCC9-4D10-AF16-FB89D116C44D}.Release|Any CPU.Build.0 = Release|Any CPU
		{08100E64-0C4C-4D39-AF40-52C1C8D7AD70}.Debug|Any CPU.ActiveCfg = Debug|Any CPU
		{08100E64-0C4C-4D39-AF40-52C1C8D7AD70}.Debug|Any CPU.Build.0 = Debug|Any CPU
		{08100E64-0C4C-4D39-AF40-52C1C8D7AD70}.Release|Any CPU.ActiveCfg = Release|Any CPU
		{08100E64-0C4C-4D39-AF40-52C1C8D7AD70}.Release|Any CPU.Build.0 = Release|Any CPU
		{8FD82342-4DA9-4AFA-9C11-2568AA8A9F21}.Debug|Any CPU.ActiveCfg = Debug|Any CPU
		{8FD82342-4DA9-4AFA-9C11-2568AA8A9F21}.Debug|Any CPU.Build.0 = Debug|Any CPU
		{8FD82342-4DA9-4AFA-9C11-2568AA8A9F21}.Release|Any CPU.ActiveCfg = Release|Any CPU
		{8FD82342-4DA9-4AFA-9C11-2568AA8A9F21}.Release|Any CPU.Build.0 = Release|Any CPU
		{2F89A042-3282-42BD-902C-D65352D821CF}.Debug|Any CPU.ActiveCfg = Debug|Any CPU
		{2F89A042-3282-42BD-902C-D65352D821CF}.Debug|Any CPU.Build.0 = Debug|Any CPU
		{2F89A042-3282-42BD-902C-D65352D821CF}.Release|Any CPU.ActiveCfg = Release|Any CPU
		{2F89A042-3282-42BD-902C-D65352D821CF}.Release|Any CPU.Build.0 = Release|Any CPU
		{5A098652-8A24-4302-8F6F-2F9B29B972DD}.Debug|Any CPU.ActiveCfg = Debug|Any CPU
		{5A098652-8A24-4302-8F6F-2F9B29B972DD}.Debug|Any CPU.Build.0 = Debug|Any CPU
		{5A098652-8A24-4302-8F6F-2F9B29B972DD}.Release|Any CPU.ActiveCfg = Release|Any CPU
		{5A098652-8A24-4302-8F6F-2F9B29B972DD}.Release|Any CPU.Build.0 = Release|Any CPU
		{739BA558-BF74-43CE-BCF3-AA025250DA2D}.Debug|Any CPU.ActiveCfg = Debug|Any CPU
		{739BA558-BF74-43CE-BCF3-AA025250DA2D}.Debug|Any CPU.Build.0 = Debug|Any CPU
		{739BA558-BF74-43CE-BCF3-AA025250DA2D}.Release|Any CPU.ActiveCfg = Release|Any CPU
		{739BA558-BF74-43CE-BCF3-AA025250DA2D}.Release|Any CPU.Build.0 = Release|Any CPU
		{90B795A9-49DE-4178-8B48-94A2FE81E234}.Debug|Any CPU.ActiveCfg = Debug|Any CPU
		{90B795A9-49DE-4178-8B48-94A2FE81E234}.Debug|Any CPU.Build.0 = Debug|Any CPU
		{90B795A9-49DE-4178-8B48-94A2FE81E234}.Release|Any CPU.ActiveCfg = Release|Any CPU
		{90B795A9-49DE-4178-8B48-94A2FE81E234}.Release|Any CPU.Build.0 = Release|Any CPU
		{49C531FC-16E9-424F-B5A9-897445147B78}.Debug|Any CPU.ActiveCfg = Debug|Any CPU
		{49C531FC-16E9-424F-B5A9-897445147B78}.Debug|Any CPU.Build.0 = Debug|Any CPU
		{49C531FC-16E9-424F-B5A9-897445147B78}.Release|Any CPU.ActiveCfg = Release|Any CPU
		{49C531FC-16E9-424F-B5A9-897445147B78}.Release|Any CPU.Build.0 = Release|Any CPU
		{9261C30F-15C0-478A-A854-A396CCD9BDA3}.Debug|Any CPU.ActiveCfg = Debug|Any CPU
		{9261C30F-15C0-478A-A854-A396CCD9BDA3}.Debug|Any CPU.Build.0 = Debug|Any CPU
		{9261C30F-15C0-478A-A854-A396CCD9BDA3}.Release|Any CPU.ActiveCfg = Release|Any CPU
		{9261C30F-15C0-478A-A854-A396CCD9BDA3}.Release|Any CPU.Build.0 = Release|Any CPU
		{FC6D05D1-1C33-4041-B37B-AE4EDFCB1D79}.Debug|Any CPU.ActiveCfg = Debug|Any CPU
		{FC6D05D1-1C33-4041-B37B-AE4EDFCB1D79}.Debug|Any CPU.Build.0 = Debug|Any CPU
		{FC6D05D1-1C33-4041-B37B-AE4EDFCB1D79}.Release|Any CPU.ActiveCfg = Release|Any CPU
		{FC6D05D1-1C33-4041-B37B-AE4EDFCB1D79}.Release|Any CPU.Build.0 = Release|Any CPU
		{38EDA9DB-F551-4B5A-84B8-CD623C1B0E39}.Debug|Any CPU.ActiveCfg = Debug|Any CPU
		{38EDA9DB-F551-4B5A-84B8-CD623C1B0E39}.Debug|Any CPU.Build.0 = Debug|Any CPU
		{38EDA9DB-F551-4B5A-84B8-CD623C1B0E39}.Release|Any CPU.ActiveCfg = Release|Any CPU
		{38EDA9DB-F551-4B5A-84B8-CD623C1B0E39}.Release|Any CPU.Build.0 = Release|Any CPU
		{26CC5E37-F21E-4A8C-8DF7-3FB6F6A27E45}.Debug|Any CPU.ActiveCfg = Debug|Any CPU
		{26CC5E37-F21E-4A8C-8DF7-3FB6F6A27E45}.Debug|Any CPU.Build.0 = Debug|Any CPU
		{26CC5E37-F21E-4A8C-8DF7-3FB6F6A27E45}.Release|Any CPU.ActiveCfg = Release|Any CPU
		{26CC5E37-F21E-4A8C-8DF7-3FB6F6A27E45}.Release|Any CPU.Build.0 = Release|Any CPU
		{57F76AC3-A6F1-4936-8470-387BCCD52B32}.Debug|Any CPU.ActiveCfg = Debug|Any CPU
		{57F76AC3-A6F1-4936-8470-387BCCD52B32}.Debug|Any CPU.Build.0 = Debug|Any CPU
		{57F76AC3-A6F1-4936-8470-387BCCD52B32}.Release|Any CPU.ActiveCfg = Release|Any CPU
		{57F76AC3-A6F1-4936-8470-387BCCD52B32}.Release|Any CPU.Build.0 = Release|Any CPU
		{87D5E9D2-C74E-42CC-8E2A-276E48E6CE03}.Debug|Any CPU.ActiveCfg = Debug|Any CPU
		{87D5E9D2-C74E-42CC-8E2A-276E48E6CE03}.Debug|Any CPU.Build.0 = Debug|Any CPU
		{87D5E9D2-C74E-42CC-8E2A-276E48E6CE03}.Release|Any CPU.ActiveCfg = Release|Any CPU
		{87D5E9D2-C74E-42CC-8E2A-276E48E6CE03}.Release|Any CPU.Build.0 = Release|Any CPU
		{2F00D355-8EA5-4F2F-A912-6E62DC836729}.Debug|Any CPU.ActiveCfg = Debug|Any CPU
		{2F00D355-8EA5-4F2F-A912-6E62DC836729}.Debug|Any CPU.Build.0 = Debug|Any CPU
		{2F00D355-8EA5-4F2F-A912-6E62DC836729}.Release|Any CPU.ActiveCfg = Release|Any CPU
		{2F00D355-8EA5-4F2F-A912-6E62DC836729}.Release|Any CPU.Build.0 = Release|Any CPU
		{7C549B33-2249-4815-AB28-F64D0A860C65}.Debug|Any CPU.ActiveCfg = Debug|Any CPU
		{7C549B33-2249-4815-AB28-F64D0A860C65}.Debug|Any CPU.Build.0 = Debug|Any CPU
		{7C549B33-2249-4815-AB28-F64D0A860C65}.Release|Any CPU.ActiveCfg = Release|Any CPU
		{7C549B33-2249-4815-AB28-F64D0A860C65}.Release|Any CPU.Build.0 = Release|Any CPU
		{5C78FCDF-5D13-4AFC-91A0-72987D0E3BD3}.Debug|Any CPU.ActiveCfg = Debug|Any CPU
		{5C78FCDF-5D13-4AFC-91A0-72987D0E3BD3}.Debug|Any CPU.Build.0 = Debug|Any CPU
		{5C78FCDF-5D13-4AFC-91A0-72987D0E3BD3}.Release|Any CPU.ActiveCfg = Release|Any CPU
		{5C78FCDF-5D13-4AFC-91A0-72987D0E3BD3}.Release|Any CPU.Build.0 = Release|Any CPU
		{1D6C72BE-6A7A-43CB-9231-ED25218ABAFA}.Debug|Any CPU.ActiveCfg = Debug|Any CPU
		{1D6C72BE-6A7A-43CB-9231-ED25218ABAFA}.Debug|Any CPU.Build.0 = Debug|Any CPU
		{1D6C72BE-6A7A-43CB-9231-ED25218ABAFA}.Release|Any CPU.ActiveCfg = Release|Any CPU
		{1D6C72BE-6A7A-43CB-9231-ED25218ABAFA}.Release|Any CPU.Build.0 = Release|Any CPU
		{5E52C8EE-BDA7-4DC7-8294-B77D6EAD88BF}.Debug|Any CPU.ActiveCfg = Debug|Any CPU
		{5E52C8EE-BDA7-4DC7-8294-B77D6EAD88BF}.Debug|Any CPU.Build.0 = Debug|Any CPU
		{5E52C8EE-BDA7-4DC7-8294-B77D6EAD88BF}.Release|Any CPU.ActiveCfg = Release|Any CPU
		{5E52C8EE-BDA7-4DC7-8294-B77D6EAD88BF}.Release|Any CPU.Build.0 = Release|Any CPU
		{F0706AC5-278F-4917-8712-32ECE5EEEE92}.Debug|Any CPU.ActiveCfg = Debug|Any CPU
		{F0706AC5-278F-4917-8712-32ECE5EEEE92}.Debug|Any CPU.Build.0 = Debug|Any CPU
		{F0706AC5-278F-4917-8712-32ECE5EEEE92}.Release|Any CPU.ActiveCfg = Release|Any CPU
		{F0706AC5-278F-4917-8712-32ECE5EEEE92}.Release|Any CPU.Build.0 = Release|Any CPU
		{EB322FFF-5ECC-4FD0-92B3-FB951565570B}.Debug|Any CPU.ActiveCfg = Debug|Any CPU
		{EB322FFF-5ECC-4FD0-92B3-FB951565570B}.Debug|Any CPU.Build.0 = Debug|Any CPU
		{EB322FFF-5ECC-4FD0-92B3-FB951565570B}.Release|Any CPU.ActiveCfg = Release|Any CPU
		{EB322FFF-5ECC-4FD0-92B3-FB951565570B}.Release|Any CPU.Build.0 = Release|Any CPU
	EndGlobalSection
	GlobalSection(SolutionProperties) = preSolution
		HideSolutionNode = FALSE
	EndGlobalSection
	GlobalSection(ExtensibilityGlobals) = postSolution
		SolutionGuid = {A206F594-6597-4673-BE4E-E38B4304FE34}
	EndGlobalSection
EndGlobal
